
Microsoft Visual Studio Solution File, Format Version 12.00
# Visual Studio Version 17
VisualStudioVersion = 17.13.35919.96 d17.13
MinimumVisualStudioVersion = 10.0.40219.1
Project("{8BC9CEB8-8B4A-11D0-8D11-00A0C91BC942}") = "3.5.1", "3.5.1.vcxproj", "{7F299E79-C05C-469D-9303-30B6AB389052}"
EndProject
Global
	GlobalSection(SolutionConfigurationPlatforms) = preSolution
		Debug|x64 = Debug|x64
		Debug|x86 = Debug|x86
		Release|x64 = Release|x64
		Release|x86 = Release|x86
	EndGlobalSection
	GlobalSection(ProjectConfigurationPlatforms) = postSolution
		{7F299E79-C05C-469D-9303-30B6AB389052}.Debug|x64.ActiveCfg = Debug|x64
		{7F299E79-C05C-469D-9303-30B6AB389052}.Debug|x64.Build.0 = Debug|x64
		{7F299E79-C05C-469D-9303-30B6AB389052}.Debug|x86.ActiveCfg = Debug|Win32
		{7F299E79-C05C-469D-9303-30B6AB389052}.Debug|x86.Build.0 = Debug|Win32
		{7F299E79-C05C-469D-9303-30B6AB389052}.Release|x64.ActiveCfg = Release|x64
		{7F299E79-C05C-469D-9303-30B6AB389052}.Release|x64.Build.0 = Release|x64
		{7F299E79-C05C-469D-9303-30B6AB389052}.Release|x86.ActiveCfg = Release|Win32
		{7F299E79-C05C-469D-9303-30B6AB389052}.Release|x86.Build.0 = Release|Win32
	EndGlobalSection
	GlobalSection(SolutionProperties) = preSolution
		HideSolutionNode = FALSE
	EndGlobalSection
	GlobalSection(ExtensibilityGlobals) = postSolution
		SolutionGuid = {A207FF99-85BD-4E56-9275-F0054F0D91F1}
	EndGlobalSection
EndGlobal
