
Microsoft Visual Studio Solution File, Format Version 12.00
# Visual Studio Version 17
VisualStudioVersion = 17.13.35919.96 d17.13
MinimumVisualStudioVersion = 10.0.40219.1
Project("{8BC9CEB8-8B4A-11D0-8D11-00A0C91BC942}") = "5.1.5", "5.1.5.vcxproj", "{924FB8F8-D1D5-4DBF-BB06-10796C8A7D37}"
EndProject
Global
	GlobalSection(SolutionConfigurationPlatforms) = preSolution
		Debug|x64 = Debug|x64
		Debug|x86 = Debug|x86
		Release|x64 = Release|x64
		Release|x86 = Release|x86
	EndGlobalSection
	GlobalSection(ProjectConfigurationPlatforms) = postSolution
		{924FB8F8-D1D5-4DBF-BB06-10796C8A7D37}.Debug|x64.ActiveCfg = Debug|x64
		{924FB8F8-D1D5-4DBF-BB06-10796C8A7D37}.Debug|x64.Build.0 = Debug|x64
		{924FB8F8-D1D5-4DBF-BB06-10796C8A7D37}.Debug|x86.ActiveCfg = Debug|Win32
		{924FB8F8-D1D5-4DBF-BB06-10796C8A7D37}.Debug|x86.Build.0 = Debug|Win32
		{924FB8F8-D1D5-4DBF-BB06-10796C8A7D37}.Release|x64.ActiveCfg = Release|x64
		{924FB8F8-D1D5-4DBF-BB06-10796C8A7D37}.Release|x64.Build.0 = Release|x64
		{924FB8F8-D1D5-4DBF-BB06-10796C8A7D37}.Release|x86.ActiveCfg = Release|Win32
		{924FB8F8-D1D5-4DBF-BB06-10796C8A7D37}.Release|x86.Build.0 = Release|Win32
	EndGlobalSection
	GlobalSection(SolutionProperties) = preSolution
		HideSolutionNode = FALSE
	EndGlobalSection
	GlobalSection(ExtensibilityGlobals) = postSolution
		SolutionGuid = {B4BCE952-A0F9-42DB-AE60-197DA90C3800}
	EndGlobalSection
EndGlobal
