
Microsoft Visual Studio Solution File, Format Version 12.00
# Visual Studio Version 17
VisualStudioVersion = 17.13.35919.96 d17.13
MinimumVisualStudioVersion = 10.0.40219.1
Project("{8BC9CEB8-8B4A-11D0-8D11-00A0C91BC942}") = "1.5.4", "1.5.4.vcxproj", "{117E6D79-5E65-4094-B9C5-3FC9F8A0CDA6}"
EndProject
Global
	GlobalSection(SolutionConfigurationPlatforms) = preSolution
		Debug|x64 = Debug|x64
		Debug|x86 = Debug|x86
		Release|x64 = Release|x64
		Release|x86 = Release|x86
	EndGlobalSection
	GlobalSection(ProjectConfigurationPlatforms) = postSolution
		{117E6D79-5E65-4094-B9C5-3FC9F8A0CDA6}.Debug|x64.ActiveCfg = Debug|x64
		{117E6D79-5E65-4094-B9C5-3FC9F8A0CDA6}.Debug|x64.Build.0 = Debug|x64
		{117E6D79-5E65-4094-B9C5-3FC9F8A0CDA6}.Debug|x86.ActiveCfg = Debug|Win32
		{117E6D79-5E65-4094-B9C5-3FC9F8A0CDA6}.Debug|x86.Build.0 = Debug|Win32
		{117E6D79-5E65-4094-B9C5-3FC9F8A0CDA6}.Release|x64.ActiveCfg = Release|x64
		{117E6D79-5E65-4094-B9C5-3FC9F8A0CDA6}.Release|x64.Build.0 = Release|x64
		{117E6D79-5E65-4094-B9C5-3FC9F8A0CDA6}.Release|x86.ActiveCfg = Release|Win32
		{117E6D79-5E65-4094-B9C5-3FC9F8A0CDA6}.Release|x86.Build.0 = Release|Win32
	EndGlobalSection
	GlobalSection(SolutionProperties) = preSolution
		HideSolutionNode = FALSE
	EndGlobalSection
	GlobalSection(ExtensibilityGlobals) = postSolution
		SolutionGuid = {0AC3C077-1804-4004-8463-77E3169D93CC}
	EndGlobalSection
EndGlobal
